{
  "name": "termcute",
  "version": "1.0.0",
  "lockfileVersion": 3,
  "requires": true,
  "packages": {
    "": {
      "name": "termcute",
      "version": "1.0.0",
      "license": "MIT",
      "bin": {
        "termcute": "bin/termcute.js"
      },
      "engines": {
        "node": ">=18"
      }
    }
  }
}
