{
  "name": "termcute",
  "version": "1.0.0",
  "lockfileVersion": 3,
  "requires": true,
  "packages": {
    "": {
      "name": "termcute",
      "version": "1.0.0",
      "license": "MIT",
      "dependencies": {
        "gifenc": "^1.0.3"
      },
      "bin": {
        "termcute": "bin/termcute.js"
      },
      "engines": {
        "node": ">=18"
      }
    },
    "node_modules/gifenc": {
      "version": "1.0.3",
      "resolved": "https://registry.npmjs.org/gifenc/-/gifenc-1.0.3.tgz",
      "integrity": "sha512-xdr6AdrfGBcfzncONUOlXMBuc5wJDtOueE3c5rdG0oNgtINLD+f2iFZltrBRZYzACRbKr+mSVU/x98zv2u3jmw==",
      "license": "MIT"
    }
  }
}
